
Microsoft Visual Studio Solution File, Format Version 12.00
# Visual Studio 15
VisualStudioVersion = 15.0.27428.2015
MinimumVisualStudioVersion = 10.0.40219.1
Project("{9A19103F-16F7-4668-BE54-9A1E7A4F7556}") = "ServerlessNetCoreExample.ServerlessFunction", "ServerlessNetCoreExample.ServerlessFunction\ServerlessNetCoreExample.ServerlessFunction.csproj", "{F0E7C8FE-B13A-4B47-A957-590D7A41C735}"
EndProject
Project("{9A19103F-16F7-4668-BE54-9A1E7A4F7556}") = "ServerlessNetCoreExample.ServerlessFunction.Tests", "ServerlessNetCoreExample.ServerlessFunction.Tests\ServerlessNetCoreExample.ServerlessFunction.Tests.csproj", "{21617731-1B5B-4E65-B926-B7B21973B789}"
EndProject
Global
	GlobalSection(SolutionConfigurationPlatforms) = preSolution
		Debug|Any CPU = Debug|Any CPU
		Release|Any CPU = Release|Any CPU
	EndGlobalSection
	GlobalSection(ProjectConfigurationPlatforms) = postSolution
		{F0E7C8FE-B13A-4B47-A957-590D7A41C735}.Debug|Any CPU.ActiveCfg = Debug|Any CPU
		{F0E7C8FE-B13A-4B47-A957-590D7A41C735}.Debug|Any CPU.Build.0 = Debug|Any CPU
		{F0E7C8FE-B13A-4B47-A957-590D7A41C735}.Release|Any CPU.ActiveCfg = Release|Any CPU
		{F0E7C8FE-B13A-4B47-A957-590D7A41C735}.Release|Any CPU.Build.0 = Release|Any CPU
		{21617731-1B5B-4E65-B926-B7B21973B789}.Debug|Any CPU.ActiveCfg = Debug|Any CPU
		{21617731-1B5B-4E65-B926-B7B21973B789}.Debug|Any CPU.Build.0 = Debug|Any CPU
		{21617731-1B5B-4E65-B926-B7B21973B789}.Release|Any CPU.ActiveCfg = Release|Any CPU
		{21617731-1B5B-4E65-B926-B7B21973B789}.Release|Any CPU.Build.0 = Release|Any CPU
	EndGlobalSection
	GlobalSection(SolutionProperties) = preSolution
		HideSolutionNode = FALSE
	EndGlobalSection
	GlobalSection(ExtensibilityGlobals) = postSolution
		SolutionGuid = {FA086D3B-BD0C-482F-A12B-5C9D4AA4EBAD}
	EndGlobalSection
EndGlobal
